
Microsoft Visual Studio Solution File, Format Version 12.00
# Visual Studio 15
VisualStudioVersion = 15.0.28010.2041
MinimumVisualStudioVersion = 10.0.40219.1
Project("{FAE04EC0-301F-11D3-BF4B-00C04F79EFBC}") = "计网项目三客户端", "计网项目三客户端\计网项目三客户端.csproj", "{BFCE123F-E68B-41D7-94E0-E525F501D1F9}"
EndProject
Global
	GlobalSection(SolutionConfigurationPlatforms) = preSolution
		Debug|Any CPU = Debug|Any CPU
		Release|Any CPU = Release|Any CPU
	EndGlobalSection
	GlobalSection(ProjectConfigurationPlatforms) = postSolution
		{BFCE123F-E68B-41D7-94E0-E525F501D1F9}.Debug|Any CPU.ActiveCfg = Debug|Any CPU
		{BFCE123F-E68B-41D7-94E0-E525F501D1F9}.Debug|Any CPU.Build.0 = Debug|Any CPU
		{BFCE123F-E68B-41D7-94E0-E525F501D1F9}.Release|Any CPU.ActiveCfg = Release|Any CPU
		{BFCE123F-E68B-41D7-94E0-E525F501D1F9}.Release|Any CPU.Build.0 = Release|Any CPU
	EndGlobalSection
	GlobalSection(SolutionProperties) = preSolution
		HideSolutionNode = FALSE
	EndGlobalSection
	GlobalSection(ExtensibilityGlobals) = postSolution
		SolutionGuid = {C59A112A-B72A-4474-8207-1C3DEBB36FD9}
	EndGlobalSection
EndGlobal
